
Microsoft Visual Studio Solution File, Format Version 12.00
# Visual Studio Version 16
VisualStudioVersion = 16.0.30128.74
MinimumVisualStudioVersion = 10.0.40219.1
Project("{FAE04EC0-301F-11D3-BF4B-00C04F79EFBC}") = "PromotionEngineAPI", "PromotionEngineAPI\PromotionEngineAPI.csproj", "{2AE4D08E-A703-47F4-AB21-84BE64E4EF53}"
EndProject
Project("{FAE04EC0-301F-11D3-BF4B-00C04F79EFBC}") = "PromotionEngineAPI.Common", "PromotionEngineAPI.Common\PromotionEngineAPI.Common.csproj", "{8367D544-3C2A-4804-B792-AE3D45DD1519}"
EndProject
Project("{FAE04EC0-301F-11D3-BF4B-00C04F79EFBC}") = "PromotionEngineAPI.Business", "PromotionEngineAPI.Business\PromotionEngineAPI.Business.csproj", "{D64B3235-E911-46C7-BE08-2D67F94E0587}"
EndProject
Project("{FAE04EC0-301F-11D3-BF4B-00C04F79EFBC}") = "PromotionEngineAPI.Interface", "PromotionEngineAPI.Interface\PromotionEngineAPI.Interface.csproj", "{43CEEA4F-413C-4761-B4A6-5A3A2B67043D}"
EndProject
Project("{FAE04EC0-301F-11D3-BF4B-00C04F79EFBC}") = "PromotionEngineAPI.XunitTest", "PromotionEngineAPI.XunitTest\PromotionEngineAPI.XunitTest.csproj", "{5D68104B-68D5-4424-AC89-696009572427}"
EndProject
Global
	GlobalSection(SolutionConfigurationPlatforms) = preSolution
		Debug|Any CPU = Debug|Any CPU
		Release|Any CPU = Release|Any CPU
	EndGlobalSection
	GlobalSection(ProjectConfigurationPlatforms) = postSolution
		{2AE4D08E-A703-47F4-AB21-84BE64E4EF53}.Debug|Any CPU.ActiveCfg = Debug|Any CPU
		{2AE4D08E-A703-47F4-AB21-84BE64E4EF53}.Debug|Any CPU.Build.0 = Debug|Any CPU
		{2AE4D08E-A703-47F4-AB21-84BE64E4EF53}.Release|Any CPU.ActiveCfg = Release|Any CPU
		{2AE4D08E-A703-47F4-AB21-84BE64E4EF53}.Release|Any CPU.Build.0 = Release|Any CPU
		{8367D544-3C2A-4804-B792-AE3D45DD1519}.Debug|Any CPU.ActiveCfg = Debug|Any CPU
		{8367D544-3C2A-4804-B792-AE3D45DD1519}.Debug|Any CPU.Build.0 = Debug|Any CPU
		{8367D544-3C2A-4804-B792-AE3D45DD1519}.Release|Any CPU.ActiveCfg = Release|Any CPU
		{8367D544-3C2A-4804-B792-AE3D45DD1519}.Release|Any CPU.Build.0 = Release|Any CPU
		{D64B3235-E911-46C7-BE08-2D67F94E0587}.Debug|Any CPU.ActiveCfg = Debug|Any CPU
		{D64B3235-E911-46C7-BE08-2D67F94E0587}.Debug|Any CPU.Build.0 = Debug|Any CPU
		{D64B3235-E911-46C7-BE08-2D67F94E0587}.Release|Any CPU.ActiveCfg = Release|Any CPU
		{D64B3235-E911-46C7-BE08-2D67F94E0587}.Release|Any CPU.Build.0 = Release|Any CPU
		{43CEEA4F-413C-4761-B4A6-5A3A2B67043D}.Debug|Any CPU.ActiveCfg = Debug|Any CPU
		{43CEEA4F-413C-4761-B4A6-5A3A2B67043D}.Debug|Any CPU.Build.0 = Debug|Any CPU
		{43CEEA4F-413C-4761-B4A6-5A3A2B67043D}.Release|Any CPU.ActiveCfg = Release|Any CPU
		{43CEEA4F-413C-4761-B4A6-5A3A2B67043D}.Release|Any CPU.Build.0 = Release|Any CPU
		{5D68104B-68D5-4424-AC89-696009572427}.Debug|Any CPU.ActiveCfg = Debug|Any CPU
		{5D68104B-68D5-4424-AC89-696009572427}.Debug|Any CPU.Build.0 = Debug|Any CPU
		{5D68104B-68D5-4424-AC89-696009572427}.Release|Any CPU.ActiveCfg = Release|Any CPU
		{5D68104B-68D5-4424-AC89-696009572427}.Release|Any CPU.Build.0 = Release|Any CPU
	EndGlobalSection
	GlobalSection(SolutionProperties) = preSolution
		HideSolutionNode = FALSE
	EndGlobalSection
	GlobalSection(ExtensibilityGlobals) = postSolution
		SolutionGuid = {2DBEA749-15CE-4ACC-B1C8-6DEC587FB76E}
	EndGlobalSection
EndGlobal
